
Microsoft Visual Studio Solution File, Format Version 12.00
# Visual Studio Version 17
VisualStudioVersion = 17.2.32630.192
MinimumVisualStudioVersion = 10.0.40219.1
Project("{FAE04EC0-301F-11D3-BF4B-00C04F79EFBC}") = "TestFieldCSharp", "TestFieldCSharp\TestFieldCSharp.csproj", "{97B43869-385B-4464-8B20-17D565302772}"
EndProject
Global
	GlobalSection(SolutionConfigurationPlatforms) = preSolution
		Debug|Any CPU = Debug|Any CPU
		Release|Any CPU = Release|Any CPU
	EndGlobalSection
	GlobalSection(ProjectConfigurationPlatforms) = postSolution
		{97B43869-385B-4464-8B20-17D565302772}.Debug|Any CPU.ActiveCfg = Debug|Any CPU
		{97B43869-385B-4464-8B20-17D565302772}.Debug|Any CPU.Build.0 = Debug|Any CPU
		{97B43869-385B-4464-8B20-17D565302772}.Release|Any CPU.ActiveCfg = Release|Any CPU
		{97B43869-385B-4464-8B20-17D565302772}.Release|Any CPU.Build.0 = Release|Any CPU
	EndGlobalSection
	GlobalSection(SolutionProperties) = preSolution
		HideSolutionNode = FALSE
	EndGlobalSection
	GlobalSection(ExtensibilityGlobals) = postSolution
		SolutionGuid = {1BF44A12-8927-4946-B0B5-700AFBD0E6E6}
	EndGlobalSection
EndGlobal
